
Microsoft Visual Studio Solution File, Format Version 12.00
# Visual Studio Version 17
VisualStudioVersion = 17.8.34309.116
MinimumVisualStudioVersion = 10.0.40219.1
Project("{FAE04EC0-301F-11D3-BF4B-00C04F79EFBC}") = "OrdoDemo", "OrdoDemo\OrdoDemo.csproj", "{2E7D2527-6B5D-4918-A312-CD57DA454FF3}"
EndProject
Global
	GlobalSection(SolutionConfigurationPlatforms) = preSolution
		Debug|Any CPU = Debug|Any CPU
		Release|Any CPU = Release|Any CPU
	EndGlobalSection
	GlobalSection(ProjectConfigurationPlatforms) = postSolution
		{2E7D2527-6B5D-4918-A312-CD57DA454FF3}.Debug|Any CPU.ActiveCfg = Debug|Any CPU
		{2E7D2527-6B5D-4918-A312-CD57DA454FF3}.Debug|Any CPU.Build.0 = Debug|Any CPU
		{2E7D2527-6B5D-4918-A312-CD57DA454FF3}.Release|Any CPU.ActiveCfg = Release|Any CPU
		{2E7D2527-6B5D-4918-A312-CD57DA454FF3}.Release|Any CPU.Build.0 = Release|Any CPU
	EndGlobalSection
	GlobalSection(SolutionProperties) = preSolution
		HideSolutionNode = FALSE
	EndGlobalSection
	GlobalSection(ExtensibilityGlobals) = postSolution
		SolutionGuid = {09FBD0F7-AD60-4638-91BD-ABD0B6CFD6AC}
	EndGlobalSection
EndGlobal
